// !$*UTF8*$!
{
	archiveVersion = 1;
	classes = {
	};
	objectVersion = 50;
	objects = {

/* Begin PBXBuildFile section */
		18DA001B479C2BE2C7DCB989 /* Pods_Wall_Of_FameTests.framework in Frameworks */ = {isa = PBXBuildFile; fileRef = A6A5BBBF5B74E30522430E12 /* Pods_Wall_Of_FameTests.framework */; };
		4809AB632C440503CC622BE0 /* Pods_Wall_Of_Fame.framework in Frameworks */ = {isa = PBXBuildFile; fileRef = 01B2FE4EFFFB4BFBDC1F7AE4 /* Pods_Wall_Of_Fame.framework */; };
		9015B6BA2346525100413BD3 /* Sucess.json in Resources */ = {isa = PBXBuildFile; fileRef = 90BD3757234628CD00BA843A /* Sucess.json */; };
		9015B6BB2346525100413BD3 /* Failure.json in Resources */ = {isa = PBXBuildFile; fileRef = 90DA8179234631AD00A0F51D /* Failure.json */; };
		9015B6BD23478A0E00413BD3 /* AlertView.xib in Resources */ = {isa = PBXBuildFile; fileRef = 9015B6BC23478A0E00413BD3 /* AlertView.xib */; };
		9015B6BF23478A2000413BD3 /* AlertView.swift in Sources */ = {isa = PBXBuildFile; fileRef = 9015B6BE23478A2000413BD3 /* AlertView.swift */; };
		906ECA132346383F00323C6F /* WebService.swift in Sources */ = {isa = PBXBuildFile; fileRef = 909387C2233AA92400732E73 /* WebService.swift */; };
		906ECA142346383F00323C6F /* TrendingViewModel.swift in Sources */ = {isa = PBXBuildFile; fileRef = 909387C4233AA97E00732E73 /* TrendingViewModel.swift */; };
		906ECA152346383F00323C6F /* GitRepositoryModel.swift in Sources */ = {isa = PBXBuildFile; fileRef = 909387BD233AA15D00732E73 /* GitRepositoryModel.swift */; };
		906ECA162346383F00323C6F /* OwnerModel.swift in Sources */ = {isa = PBXBuildFile; fileRef = 909387BF233AA68400732E73 /* OwnerModel.swift */; };
		90836F1E23428884000E7B35 /* GitRepositoryTableViewCell.swift in Sources */ = {isa = PBXBuildFile; fileRef = 90836F1C23428884000E7B35 /* GitRepositoryTableViewCell.swift */; };
		90836F1F23428884000E7B35 /* GitRepositoryTableViewCell.xib in Resources */ = {isa = PBXBuildFile; fileRef = 90836F1D23428884000E7B35 /* GitRepositoryTableViewCell.xib */; };
		90836F2523428F10000E7B35 /* UIImageViewExtension.swift in Sources */ = {isa = PBXBuildFile; fileRef = 90836F2423428F10000E7B35 /* UIImageViewExtension.swift */; };
		90836F27234292AF000E7B35 /* UIViewExtension.swift in Sources */ = {isa = PBXBuildFile; fileRef = 90836F26234292AF000E7B35 /* UIViewExtension.swift */; };
		9093878D233A9FDF00732E73 /* AppDelegate.swift in Sources */ = {isa = PBXBuildFile; fileRef = 9093878C233A9FDF00732E73 /* AppDelegate.swift */; };
		9093878F233A9FDF00732E73 /* TrendingViewController.swift in Sources */ = {isa = PBXBuildFile; fileRef = 9093878E233A9FDF00732E73 /* TrendingViewController.swift */; };
		90938792233A9FDF00732E73 /* Main.storyboard in Resources */ = {isa = PBXBuildFile; fileRef = 90938790233A9FDF00732E73 /* Main.storyboard */; };
		90938794233A9FE100732E73 /* Assets.xcassets in Resources */ = {isa = PBXBuildFile; fileRef = 90938793233A9FE100732E73 /* Assets.xcassets */; };
		90938797233A9FE100732E73 /* LaunchScreen.storyboard in Resources */ = {isa = PBXBuildFile; fileRef = 90938795233A9FE100732E73 /* LaunchScreen.storyboard */; };
		909387A2233A9FE100732E73 /* Wall_Of_FameTests.swift in Sources */ = {isa = PBXBuildFile; fileRef = 909387A1233A9FE100732E73 /* Wall_Of_FameTests.swift */; };
		909387BE233AA15D00732E73 /* GitRepositoryModel.swift in Sources */ = {isa = PBXBuildFile; fileRef = 909387BD233AA15D00732E73 /* GitRepositoryModel.swift */; };
		909387C0233AA68400732E73 /* OwnerModel.swift in Sources */ = {isa = PBXBuildFile; fileRef = 909387BF233AA68400732E73 /* OwnerModel.swift */; };
		909387C3233AA92400732E73 /* WebService.swift in Sources */ = {isa = PBXBuildFile; fileRef = 909387C2233AA92400732E73 /* WebService.swift */; };
		909387C5233AA97E00732E73 /* TrendingViewModel.swift in Sources */ = {isa = PBXBuildFile; fileRef = 909387C4233AA97E00732E73 /* TrendingViewModel.swift */; };
		90BD375923462B1100BA843A /* Sucess.json in Resources */ = {isa = PBXBuildFile; fileRef = 90BD3757234628CD00BA843A /* Sucess.json */; };
		90DA817B234631BD00A0F51D /* Failure.json in Resources */ = {isa = PBXBuildFile; fileRef = 90DA8179234631AD00A0F51D /* Failure.json */; };
/* End PBXBuildFile section */

/* Begin PBXContainerItemProxy section */
		9093879E233A9FE100732E73 /* PBXContainerItemProxy */ = {
			isa = PBXContainerItemProxy;
			containerPortal = 90938781233A9FDF00732E73 /* Project object */;
			proxyType = 1;
			remoteGlobalIDString = 90938788233A9FDF00732E73;
			remoteInfo = "Wall Of Fame";
		};
/* End PBXContainerItemProxy section */

/* Begin PBXFileReference section */
		01B2FE4EFFFB4BFBDC1F7AE4 /* Pods_Wall_Of_Fame.framework */ = {isa = PBXFileReference; explicitFileType = wrapper.framework; includeInIndex = 0; path = Pods_Wall_Of_Fame.framework; sourceTree = BUILT_PRODUCTS_DIR; };
		15FF6484F86997436ECFA8DE /* Pods-Wall Of FameTests.release.xcconfig */ = {isa = PBXFileReference; includeInIndex = 1; lastKnownFileType = text.xcconfig; name = "Pods-Wall Of FameTests.release.xcconfig"; path = "Target Support Files/Pods-Wall Of FameTests/Pods-Wall Of FameTests.release.xcconfig"; sourceTree = "<group>"; };
		38851CF966A48A4247FE4D1D /* Pods-Wall Of Fame.debug.xcconfig */ = {isa = PBXFileReference; includeInIndex = 1; lastKnownFileType = text.xcconfig; name = "Pods-Wall Of Fame.debug.xcconfig"; path = "Target Support Files/Pods-Wall Of Fame/Pods-Wall Of Fame.debug.xcconfig"; sourceTree = "<group>"; };
		3F47A50D05E188C0D1F7F2A7 /* Pods_Wall_Of_FameUITests.framework */ = {isa = PBXFileReference; explicitFileType = wrapper.framework; includeInIndex = 0; path = Pods_Wall_Of_FameUITests.framework; sourceTree = BUILT_PRODUCTS_DIR; };
		4B2DF429D52DD434601CCDB1 /* Pods-Wall Of FameUITests.release.xcconfig */ = {isa = PBXFileReference; includeInIndex = 1; lastKnownFileType = text.xcconfig; name = "Pods-Wall Of FameUITests.release.xcconfig"; path = "Target Support Files/Pods-Wall Of FameUITests/Pods-Wall Of FameUITests.release.xcconfig"; sourceTree = "<group>"; };
		87C050D60F991297C6FF240A /* Pods-Wall Of FameTests.debug.xcconfig */ = {isa = PBXFileReference; includeInIndex = 1; lastKnownFileType = text.xcconfig; name = "Pods-Wall Of FameTests.debug.xcconfig"; path = "Target Support Files/Pods-Wall Of FameTests/Pods-Wall Of FameTests.debug.xcconfig"; sourceTree = "<group>"; };
		9015B6BC23478A0E00413BD3 /* AlertView.xib */ = {isa = PBXFileReference; fileEncoding = 4; lastKnownFileType = file.xib; path = AlertView.xib; sourceTree = "<group>"; };
		9015B6BE23478A2000413BD3 /* AlertView.swift */ = {isa = PBXFileReference; fileEncoding = 4; lastKnownFileType = sourcecode.swift; path = AlertView.swift; sourceTree = "<group>"; };
		90836F1C23428884000E7B35 /* GitRepositoryTableViewCell.swift */ = {isa = PBXFileReference; lastKnownFileType = sourcecode.swift; path = GitRepositoryTableViewCell.swift; sourceTree = "<group>"; };
		90836F1D23428884000E7B35 /* GitRepositoryTableViewCell.xib */ = {isa = PBXFileReference; lastKnownFileType = file.xib; path = GitRepositoryTableViewCell.xib; sourceTree = "<group>"; };
		90836F2423428F10000E7B35 /* UIImageViewExtension.swift */ = {isa = PBXFileReference; lastKnownFileType = sourcecode.swift; path = UIImageViewExtension.swift; sourceTree = "<group>"; };
		90836F26234292AF000E7B35 /* UIViewExtension.swift */ = {isa = PBXFileReference; lastKnownFileType = sourcecode.swift; path = UIViewExtension.swift; sourceTree = "<group>"; };
		90938789233A9FDF00732E73 /* Wall Of Fame.app */ = {isa = PBXFileReference; explicitFileType = wrapper.application; includeInIndex = 0; path = "Wall Of Fame.app"; sourceTree = BUILT_PRODUCTS_DIR; };
		9093878C233A9FDF00732E73 /* AppDelegate.swift */ = {isa = PBXFileReference; lastKnownFileType = sourcecode.swift; path = AppDelegate.swift; sourceTree = "<group>"; };
		9093878E233A9FDF00732E73 /* TrendingViewController.swift */ = {isa = PBXFileReference; lastKnownFileType = sourcecode.swift; path = TrendingViewController.swift; sourceTree = "<group>"; };
		90938791233A9FDF00732E73 /* Base */ = {isa = PBXFileReference; lastKnownFileType = file.storyboard; name = Base; path = Base.lproj/Main.storyboard; sourceTree = "<group>"; };
		90938793233A9FE100732E73 /* Assets.xcassets */ = {isa = PBXFileReference; lastKnownFileType = folder.assetcatalog; path = Assets.xcassets; sourceTree = "<group>"; };
		90938796233A9FE100732E73 /* Base */ = {isa = PBXFileReference; lastKnownFileType = file.storyboard; name = Base; path = Base.lproj/LaunchScreen.storyboard; sourceTree = "<group>"; };
		90938798233A9FE100732E73 /* Info.plist */ = {isa = PBXFileReference; lastKnownFileType = text.plist.xml; path = Info.plist; sourceTree = "<group>"; };
		9093879D233A9FE100732E73 /* Wall Of FameTests.xctest */ = {isa = PBXFileReference; explicitFileType = wrapper.cfbundle; includeInIndex = 0; path = "Wall Of FameTests.xctest"; sourceTree = BUILT_PRODUCTS_DIR; };
		909387A1233A9FE100732E73 /* Wall_Of_FameTests.swift */ = {isa = PBXFileReference; lastKnownFileType = sourcecode.swift; path = Wall_Of_FameTests.swift; sourceTree = "<group>"; };
		909387A3233A9FE100732E73 /* Info.plist */ = {isa = PBXFileReference; lastKnownFileType = text.plist.xml; path = Info.plist; sourceTree = "<group>"; };
		909387BD233AA15D00732E73 /* GitRepositoryModel.swift */ = {isa = PBXFileReference; lastKnownFileType = sourcecode.swift; path = GitRepositoryModel.swift; sourceTree = "<group>"; };
		909387BF233AA68400732E73 /* OwnerModel.swift */ = {isa = PBXFileReference; lastKnownFileType = sourcecode.swift; path = OwnerModel.swift; sourceTree = "<group>"; };
		909387C2233AA92400732E73 /* WebService.swift */ = {isa = PBXFileReference; lastKnownFileType = sourcecode.swift; path = WebService.swift; sourceTree = "<group>"; };
		909387C4233AA97E00732E73 /* TrendingViewModel.swift */ = {isa = PBXFileReference; lastKnownFileType = sourcecode.swift; path = TrendingViewModel.swift; sourceTree = "<group>"; };
		90BD3757234628CD00BA843A /* Sucess.json */ = {isa = PBXFileReference; lastKnownFileType = text.json; path = Sucess.json; sourceTree = "<group>"; };
		90DA8179234631AD00A0F51D /* Failure.json */ = {isa = PBXFileReference; lastKnownFileType = text.json; path = Failure.json; sourceTree = "<group>"; };
		9B68770E4ABD27FAB7EDE976 /* Pods-Wall Of FameUITests.debug.xcconfig */ = {isa = PBXFileReference; includeInIndex = 1; lastKnownFileType = text.xcconfig; name = "Pods-Wall Of FameUITests.debug.xcconfig"; path = "Target Support Files/Pods-Wall Of FameUITests/Pods-Wall Of FameUITests.debug.xcconfig"; sourceTree = "<group>"; };
		A6A5BBBF5B74E30522430E12 /* Pods_Wall_Of_FameTests.framework */ = {isa = PBXFileReference; explicitFileType = wrapper.framework; includeInIndex = 0; path = Pods_Wall_Of_FameTests.framework; sourceTree = BUILT_PRODUCTS_DIR; };
		EDC487F5DEC7F8AF619DA640 /* Pods-Wall Of Fame.release.xcconfig */ = {isa = PBXFileReference; includeInIndex = 1; lastKnownFileType = text.xcconfig; name = "Pods-Wall Of Fame.release.xcconfig"; path = "Target Support Files/Pods-Wall Of Fame/Pods-Wall Of Fame.release.xcconfig"; sourceTree = "<group>"; };
/* End PBXFileReference section */

/* Begin PBXFrameworksBuildPhase section */
		90938786233A9FDF00732E73 /* Frameworks */ = {
			isa = PBXFrameworksBuildPhase;
			buildActionMask = 2147483647;
			files = (
				4809AB632C440503CC622BE0 /* Pods_Wall_Of_Fame.framework in Frameworks */,
			);
			runOnlyForDeploymentPostprocessing = 0;
		};
		9093879A233A9FE100732E73 /* Frameworks */ = {
			isa = PBXFrameworksBuildPhase;
			buildActionMask = 2147483647;
			files = (
				18DA001B479C2BE2C7DCB989 /* Pods_Wall_Of_FameTests.framework in Frameworks */,
			);
			runOnlyForDeploymentPostprocessing = 0;
		};
/* End PBXFrameworksBuildPhase section */

/* Begin PBXGroup section */
		8D155032F844A5A46BC9311A /* Pods */ = {
			isa = PBXGroup;
			children = (
				38851CF966A48A4247FE4D1D /* Pods-Wall Of Fame.debug.xcconfig */,
				EDC487F5DEC7F8AF619DA640 /* Pods-Wall Of Fame.release.xcconfig */,
				87C050D60F991297C6FF240A /* Pods-Wall Of FameTests.debug.xcconfig */,
				15FF6484F86997436ECFA8DE /* Pods-Wall Of FameTests.release.xcconfig */,
				9B68770E4ABD27FAB7EDE976 /* Pods-Wall Of FameUITests.debug.xcconfig */,
				4B2DF429D52DD434601CCDB1 /* Pods-Wall Of FameUITests.release.xcconfig */,
			);
			path = Pods;
			sourceTree = "<group>";
		};
		90836F1B23428855000E7B35 /* Cell */ = {
			isa = PBXGroup;
			children = (
				90836F1C23428884000E7B35 /* GitRepositoryTableViewCell.swift */,
				90836F1D23428884000E7B35 /* GitRepositoryTableViewCell.xib */,
			);
			path = Cell;
			sourceTree = "<group>";
		};
		90836F2123428E1B000E7B35 /* Utils */ = {
			isa = PBXGroup;
			children = (
				90836F2323428EFF000E7B35 /* Extensions */,
			);
			path = Utils;
			sourceTree = "<group>";
		};
		90836F2223428E24000E7B35 /* Controller */ = {
			isa = PBXGroup;
			children = (
				9093878E233A9FDF00732E73 /* TrendingViewController.swift */,
				9015B6BE23478A2000413BD3 /* AlertView.swift */,
			);
			path = Controller;
			sourceTree = "<group>";
		};
		90836F2323428EFF000E7B35 /* Extensions */ = {
			isa = PBXGroup;
			children = (
				90836F2423428F10000E7B35 /* UIImageViewExtension.swift */,
				90836F26234292AF000E7B35 /* UIViewExtension.swift */,
			);
			path = Extensions;
			sourceTree = "<group>";
		};
		90938780233A9FDF00732E73 = {
			isa = PBXGroup;
			children = (
				9093878B233A9FDF00732E73 /* Wall Of Fame */,
				909387A0233A9FE100732E73 /* Wall Of FameTests */,
				9093878A233A9FDF00732E73 /* Products */,
				8D155032F844A5A46BC9311A /* Pods */,
				97E06532207E9D24DC54F0A8 /* Frameworks */,
			);
			sourceTree = "<group>";
		};
		9093878A233A9FDF00732E73 /* Products */ = {
			isa = PBXGroup;
			children = (
				90938789233A9FDF00732E73 /* Wall Of Fame.app */,
				9093879D233A9FE100732E73 /* Wall Of FameTests.xctest */,
			);
			name = Products;
			sourceTree = "<group>";
		};
		9093878B233A9FDF00732E73 /* Wall Of Fame */ = {
			isa = PBXGroup;
			children = (
				90836F2223428E24000E7B35 /* Controller */,
				90836F2123428E1B000E7B35 /* Utils */,
				909387C1233AA91500732E73 /* Service */,
				909387BC233AA01E00732E73 /* ViewModel */,
				909387BB233AA01400732E73 /* View */,
				909387BA233AA00400732E73 /* Model */,
				9093878C233A9FDF00732E73 /* AppDelegate.swift */,
				90938790233A9FDF00732E73 /* Main.storyboard */,
				90938793233A9FE100732E73 /* Assets.xcassets */,
				90938795233A9FE100732E73 /* LaunchScreen.storyboard */,
				90938798233A9FE100732E73 /* Info.plist */,
			);
			path = "Wall Of Fame";
			sourceTree = "<group>";
		};
		909387A0233A9FE100732E73 /* Wall Of FameTests */ = {
			isa = PBXGroup;
			children = (
				90BD37562346289000BA843A /* JsonResponses */,
				909387A1233A9FE100732E73 /* Wall_Of_FameTests.swift */,
				909387A3233A9FE100732E73 /* Info.plist */,
			);
			path = "Wall Of FameTests";
			sourceTree = "<group>";
		};
		909387BA233AA00400732E73 /* Model */ = {
			isa = PBXGroup;
			children = (
				909387BD233AA15D00732E73 /* GitRepositoryModel.swift */,
				909387BF233AA68400732E73 /* OwnerModel.swift */,
			);
			path = Model;
			sourceTree = "<group>";
		};
		909387BB233AA01400732E73 /* View */ = {
			isa = PBXGroup;
			children = (
				9015B6BC23478A0E00413BD3 /* AlertView.xib */,
				90836F1B23428855000E7B35 /* Cell */,
			);
			path = View;
			sourceTree = "<group>";
		};
		909387BC233AA01E00732E73 /* ViewModel */ = {
			isa = PBXGroup;
			children = (
				909387C4233AA97E00732E73 /* TrendingViewModel.swift */,
			);
			path = ViewModel;
			sourceTree = "<group>";
		};
		909387C1233AA91500732E73 /* Service */ = {
			isa = PBXGroup;
			children = (
				909387C2233AA92400732E73 /* WebService.swift */,
			);
			path = Service;
			sourceTree = "<group>";
		};
		90BD37562346289000BA843A /* JsonResponses */ = {
			isa = PBXGroup;
			children = (
				90BD3757234628CD00BA843A /* Sucess.json */,
				90DA8179234631AD00A0F51D /* Failure.json */,
			);
			path = JsonResponses;
			sourceTree = "<group>";
		};
		97E06532207E9D24DC54F0A8 /* Frameworks */ = {
			isa = PBXGroup;
			children = (
				01B2FE4EFFFB4BFBDC1F7AE4 /* Pods_Wall_Of_Fame.framework */,
				A6A5BBBF5B74E30522430E12 /* Pods_Wall_Of_FameTests.framework */,
				3F47A50D05E188C0D1F7F2A7 /* Pods_Wall_Of_FameUITests.framework */,
			);
			name = Frameworks;
			sourceTree = "<group>";
		};
/* End PBXGroup section */

/* Begin PBXNativeTarget section */
		90938788233A9FDF00732E73 /* Wall Of Fame */ = {
			isa = PBXNativeTarget;
			buildConfigurationList = 909387B1233A9FE100732E73 /* Build configuration list for PBXNativeTarget "Wall Of Fame" */;
			buildPhases = (
				357982E8B7BFC15BA7E70678 /* [CP] Check Pods Manifest.lock */,
				90938785233A9FDF00732E73 /* Sources */,
				90938786233A9FDF00732E73 /* Frameworks */,
				90938787233A9FDF00732E73 /* Resources */,
				795D587AEC1B32DFA09FA6BC /* [CP] Embed Pods Frameworks */,
			);
			buildRules = (
			);
			dependencies = (
			);
			name = "Wall Of Fame";
			productName = "Wall Of Fame";
			productReference = 90938789233A9FDF00732E73 /* Wall Of Fame.app */;
			productType = "com.apple.product-type.application";
		};
		9093879C233A9FE100732E73 /* Wall Of FameTests */ = {
			isa = PBXNativeTarget;
			buildConfigurationList = 909387B4233A9FE100732E73 /* Build configuration list for PBXNativeTarget "Wall Of FameTests" */;
			buildPhases = (
				128F1DE3B71F433A312EE225 /* [CP] Check Pods Manifest.lock */,
				90938799233A9FE100732E73 /* Sources */,
				9093879A233A9FE100732E73 /* Frameworks */,
				9093879B233A9FE100732E73 /* Resources */,
				977DB9F1D72930316F62B3D3 /* [CP] Embed Pods Frameworks */,
			);
			buildRules = (
			);
			dependencies = (
				9093879F233A9FE100732E73 /* PBXTargetDependency */,
			);
			name = "Wall Of FameTests";
			productName = "Wall Of FameTests";
			productReference = 9093879D233A9FE100732E73 /* Wall Of FameTests.xctest */;
			productType = "com.apple.product-type.bundle.unit-test";
		};
/* End PBXNativeTarget section */

/* Begin PBXProject section */
		90938781233A9FDF00732E73 /* Project object */ = {
			isa = PBXProject;
			attributes = {
				LastSwiftUpdateCheck = 1020;
				LastUpgradeCheck = 1020;
				ORGANIZATIONNAME = Tarek;
				TargetAttributes = {
					90938788233A9FDF00732E73 = {
						CreatedOnToolsVersion = 10.2.1;
					};
					9093879C233A9FE100732E73 = {
						CreatedOnToolsVersion = 10.2.1;
					};
				};
			};
			buildConfigurationList = 90938784233A9FDF00732E73 /* Build configuration list for PBXProject "Wall Of Fame" */;
			compatibilityVersion = "Xcode 9.3";
			developmentRegion = en;
			hasScannedForEncodings = 0;
			knownRegions = (
				en,
				Base,
			);
			mainGroup = 90938780233A9FDF00732E73;
			productRefGroup = 9093878A233A9FDF00732E73 /* Products */;
			projectDirPath = "";
			projectRoot = "";
			targets = (
				90938788233A9FDF00732E73 /* Wall Of Fame */,
				9093879C233A9FE100732E73 /* Wall Of FameTests */,
			);
		};
/* End PBXProject section */

/* Begin PBXResourcesBuildPhase section */
		90938787233A9FDF00732E73 /* Resources */ = {
			isa = PBXResourcesBuildPhase;
			buildActionMask = 2147483647;
			files = (
				9015B6BD23478A0E00413BD3 /* AlertView.xib in Resources */,
				90DA817B234631BD00A0F51D /* Failure.json in Resources */,
				90BD375923462B1100BA843A /* Sucess.json in Resources */,
				90938797233A9FE100732E73 /* LaunchScreen.storyboard in Resources */,
				90938794233A9FE100732E73 /* Assets.xcassets in Resources */,
				90836F1F23428884000E7B35 /* GitRepositoryTableViewCell.xib in Resources */,
				90938792233A9FDF00732E73 /* Main.storyboard in Resources */,
			);
			runOnlyForDeploymentPostprocessing = 0;
		};
		9093879B233A9FE100732E73 /* Resources */ = {
			isa = PBXResourcesBuildPhase;
			buildActionMask = 2147483647;
			files = (
				9015B6BA2346525100413BD3 /* Sucess.json in Resources */,
				9015B6BB2346525100413BD3 /* Failure.json in Resources */,
			);
			runOnlyForDeploymentPostprocessing = 0;
		};
/* End PBXResourcesBuildPhase section */

/* Begin PBXShellScriptBuildPhase section */
		128F1DE3B71F433A312EE225 /* [CP] Check Pods Manifest.lock */ = {
			isa = PBXShellScriptBuildPhase;
			buildActionMask = 2147483647;
			files = (
			);
			inputFileListPaths = (
			);
			inputPaths = (
				"${PODS_PODFILE_DIR_PATH}/Podfile.lock",
				"${PODS_ROOT}/Manifest.lock",
			);
			name = "[CP] Check Pods Manifest.lock";
			outputFileListPaths = (
			);
			outputPaths = (
				"$(DERIVED_FILE_DIR)/Pods-Wall Of FameTests-checkManifestLockResult.txt",
			);
			runOnlyForDeploymentPostprocessing = 0;
			shellPath = /bin/sh;
			shellScript = "diff \"${PODS_PODFILE_DIR_PATH}/Podfile.lock\" \"${PODS_ROOT}/Manifest.lock\" > /dev/null\nif [ $? != 0 ] ; then\n    # print error to STDERR\n    echo \"error: The sandbox is not in sync with the Podfile.lock. Run 'pod install' or update your CocoaPods installation.\" >&2\n    exit 1\nfi\n# This output is used by Xcode 'outputs' to avoid re-running this script phase.\necho \"SUCCESS\" > \"${SCRIPT_OUTPUT_FILE_0}\"\n";
			showEnvVarsInLog = 0;
		};
		357982E8B7BFC15BA7E70678 /* [CP] Check Pods Manifest.lock */ = {
			isa = PBXShellScriptBuildPhase;
			buildActionMask = 2147483647;
			files = (
			);
			inputFileListPaths = (
			);
			inputPaths = (
				"${PODS_PODFILE_DIR_PATH}/Podfile.lock",
				"${PODS_ROOT}/Manifest.lock",
			);
			name = "[CP] Check Pods Manifest.lock";
			outputFileListPaths = (
			);
			outputPaths = (
				"$(DERIVED_FILE_DIR)/Pods-Wall Of Fame-checkManifestLockResult.txt",
			);
			runOnlyForDeploymentPostprocessing = 0;
			shellPath = /bin/sh;
			shellScript = "diff \"${PODS_PODFILE_DIR_PATH}/Podfile.lock\" \"${PODS_ROOT}/Manifest.lock\" > /dev/null\nif [ $? != 0 ] ; then\n    # print error to STDERR\n    echo \"error: The sandbox is not in sync with the Podfile.lock. Run 'pod install' or update your CocoaPods installation.\" >&2\n    exit 1\nfi\n# This output is used by Xcode 'outputs' to avoid re-running this script phase.\necho \"SUCCESS\" > \"${SCRIPT_OUTPUT_FILE_0}\"\n";
			showEnvVarsInLog = 0;
		};
		795D587AEC1B32DFA09FA6BC /* [CP] Embed Pods Frameworks */ = {
			isa = PBXShellScriptBuildPhase;
			buildActionMask = 2147483647;
			files = (
			);
			inputFileListPaths = (
			);
			inputPaths = (
				"${PODS_ROOT}/Target Support Files/Pods-Wall Of Fame/Pods-Wall Of Fame-frameworks.sh",
				"${BUILT_PRODUCTS_DIR}/Alamofire/Alamofire.framework",
				"${BUILT_PRODUCTS_DIR}/AlamofireObjectMapper/AlamofireObjectMapper.framework",
				"${BUILT_PRODUCTS_DIR}/OHHTTPStubs/OHHTTPStubs.framework",
				"${BUILT_PRODUCTS_DIR}/ObjectMapper/ObjectMapper.framework",
			);
			name = "[CP] Embed Pods Frameworks";
			outputFileListPaths = (
			);
			outputPaths = (
				"${TARGET_BUILD_DIR}/${FRAMEWORKS_FOLDER_PATH}/Alamofire.framework",
				"${TARGET_BUILD_DIR}/${FRAMEWORKS_FOLDER_PATH}/AlamofireObjectMapper.framework",
				"${TARGET_BUILD_DIR}/${FRAMEWORKS_FOLDER_PATH}/OHHTTPStubs.framework",
				"${TARGET_BUILD_DIR}/${FRAMEWORKS_FOLDER_PATH}/ObjectMapper.framework",
			);
			runOnlyForDeploymentPostprocessing = 0;
			shellPath = /bin/sh;
			shellScript = "\"${PODS_ROOT}/Target Support Files/Pods-Wall Of Fame/Pods-Wall Of Fame-frameworks.sh\"\n";
			showEnvVarsInLog = 0;
		};
		977DB9F1D72930316F62B3D3 /* [CP] Embed Pods Frameworks */ = {
			isa = PBXShellScriptBuildPhase;
			buildActionMask = 2147483647;
			files = (
			);
			inputFileListPaths = (
			);
			inputPaths = (
				"${PODS_ROOT}/Target Support Files/Pods-Wall Of FameTests/Pods-Wall Of FameTests-frameworks.sh",
				"${BUILT_PRODUCTS_DIR}/Alamofire/Alamofire.framework",
				"${BUILT_PRODUCTS_DIR}/AlamofireObjectMapper/AlamofireObjectMapper.framework",
				"${BUILT_PRODUCTS_DIR}/OHHTTPStubs/OHHTTPStubs.framework",
				"${BUILT_PRODUCTS_DIR}/ObjectMapper/ObjectMapper.framework",
			);
			name = "[CP] Embed Pods Frameworks";
			outputFileListPaths = (
			);
			outputPaths = (
				"${TARGET_BUILD_DIR}/${FRAMEWORKS_FOLDER_PATH}/Alamofire.framework",
				"${TARGET_BUILD_DIR}/${FRAMEWORKS_FOLDER_PATH}/AlamofireObjectMapper.framework",
				"${TARGET_BUILD_DIR}/${FRAMEWORKS_FOLDER_PATH}/OHHTTPStubs.framework",
				"${TARGET_BUILD_DIR}/${FRAMEWORKS_FOLDER_PATH}/ObjectMapper.framework",
			);
			runOnlyForDeploymentPostprocessing = 0;
			shellPath = /bin/sh;
			shellScript = "\"${PODS_ROOT}/Target Support Files/Pods-Wall Of FameTests/Pods-Wall Of FameTests-frameworks.sh\"\n";
			showEnvVarsInLog = 0;
		};
/* End PBXShellScriptBuildPhase section */

/* Begin PBXSourcesBuildPhase section */
		90938785233A9FDF00732E73 /* Sources */ = {
			isa = PBXSourcesBuildPhase;
			buildActionMask = 2147483647;
			files = (
				90836F1E23428884000E7B35 /* GitRepositoryTableViewCell.swift in Sources */,
				9093878F233A9FDF00732E73 /* TrendingViewController.swift in Sources */,
				909387C5233AA97E00732E73 /* TrendingViewModel.swift in Sources */,
				9093878D233A9FDF00732E73 /* AppDelegate.swift in Sources */,
				909387BE233AA15D00732E73 /* GitRepositoryModel.swift in Sources */,
				9015B6BF23478A2000413BD3 /* AlertView.swift in Sources */,
				909387C3233AA92400732E73 /* WebService.swift in Sources */,
				90836F27234292AF000E7B35 /* UIViewExtension.swift in Sources */,
				909387C0233AA68400732E73 /* OwnerModel.swift in Sources */,
				90836F2523428F10000E7B35 /* UIImageViewExtension.swift in Sources */,
			);
			runOnlyForDeploymentPostprocessing = 0;
		};
		90938799233A9FE100732E73 /* Sources */ = {
			isa = PBXSourcesBuildPhase;
			buildActionMask = 2147483647;
			files = (
				906ECA132346383F00323C6F /* WebService.swift in Sources */,
				906ECA142346383F00323C6F /* TrendingViewModel.swift in Sources */,
				906ECA152346383F00323C6F /* GitRepositoryModel.swift in Sources */,
				906ECA162346383F00323C6F /* OwnerModel.swift in Sources */,
				909387A2233A9FE100732E73 /* Wall_Of_FameTests.swift in Sources */,
			);
			runOnlyForDeploymentPostprocessing = 0;
		};
/* End PBXSourcesBuildPhase section */

/* Begin PBXTargetDependency section */
		9093879F233A9FE100732E73 /* PBXTargetDependency */ = {
			isa = PBXTargetDependency;
			target = 90938788233A9FDF00732E73 /* Wall Of Fame */;
			targetProxy = 9093879E233A9FE100732E73 /* PBXContainerItemProxy */;
		};
/* End PBXTargetDependency section */

/* Begin PBXVariantGroup section */
		90938790233A9FDF00732E73 /* Main.storyboard */ = {
			isa = PBXVariantGroup;
			children = (
				90938791233A9FDF00732E73 /* Base */,
			);
			name = Main.storyboard;
			sourceTree = "<group>";
		};
		90938795233A9FE100732E73 /* LaunchScreen.storyboard */ = {
			isa = PBXVariantGroup;
			children = (
				90938796233A9FE100732E73 /* Base */,
			);
			name = LaunchScreen.storyboard;
			sourceTree = "<group>";
		};
/* End PBXVariantGroup section */

/* Begin XCBuildConfiguration section */
		909387AF233A9FE100732E73 /* Debug */ = {
			isa = XCBuildConfiguration;
			buildSettings = {
				ALWAYS_SEARCH_USER_PATHS = NO;
				CLANG_ANALYZER_NONNULL = YES;
				CLANG_ANALYZER_NUMBER_OBJECT_CONVERSION = YES_AGGRESSIVE;
				CLANG_CXX_LANGUAGE_STANDARD = "gnu++14";
				CLANG_CXX_LIBRARY = "libc++";
				CLANG_ENABLE_MODULES = YES;
				CLANG_ENABLE_OBJC_ARC = YES;
				CLANG_ENABLE_OBJC_WEAK = YES;
				CLANG_WARN_BLOCK_CAPTURE_AUTORELEASING = YES;
				CLANG_WARN_BOOL_CONVERSION = YES;
				CLANG_WARN_COMMA = YES;
				CLANG_WARN_CONSTANT_CONVERSION = YES;
				CLANG_WARN_DEPRECATED_OBJC_IMPLEMENTATIONS = YES;
				CLANG_WARN_DIRECT_OBJC_ISA_USAGE = YES_ERROR;
				CLANG_WARN_DOCUMENTATION_COMMENTS = YES;
				CLANG_WARN_EMPTY_BODY = YES;
				CLANG_WARN_ENUM_CONVERSION = YES;
				CLANG_WARN_INFINITE_RECURSION = YES;
				CLANG_WARN_INT_CONVERSION = YES;
				CLANG_WARN_NON_LITERAL_NULL_CONVERSION = YES;
				CLANG_WARN_OBJC_IMPLICIT_RETAIN_SELF = YES;
				CLANG_WARN_OBJC_LITERAL_CONVERSION = YES;
				CLANG_WARN_OBJC_ROOT_CLASS = YES_ERROR;
				CLANG_WARN_RANGE_LOOP_ANALYSIS = YES;
				CLANG_WARN_STRICT_PROTOTYPES = YES;
				CLANG_WARN_SUSPICIOUS_MOVE = YES;
				CLANG_WARN_UNGUARDED_AVAILABILITY = YES_AGGRESSIVE;
				CLANG_WARN_UNREACHABLE_CODE = YES;
				CLANG_WARN__DUPLICATE_METHOD_MATCH = YES;
				CODE_SIGN_IDENTITY = "iPhone Developer";
				COPY_PHASE_STRIP = NO;
				DEBUG_INFORMATION_FORMAT = dwarf;
				ENABLE_STRICT_OBJC_MSGSEND = YES;
				ENABLE_TESTABILITY = YES;
				GCC_C_LANGUAGE_STANDARD = gnu11;
				GCC_DYNAMIC_NO_PIC = NO;
				GCC_NO_COMMON_BLOCKS = YES;
				GCC_OPTIMIZATION_LEVEL = 0;
				GCC_PREPROCESSOR_DEFINITIONS = (
					"DEBUG=1",
					"$(inherited)",
				);
				GCC_WARN_64_TO_32_BIT_CONVERSION = YES;
				GCC_WARN_ABOUT_RETURN_TYPE = YES_ERROR;
				GCC_WARN_UNDECLARED_SELECTOR = YES;
				GCC_WARN_UNINITIALIZED_AUTOS = YES_AGGRESSIVE;
				GCC_WARN_UNUSED_FUNCTION = YES;
				GCC_WARN_UNUSED_VARIABLE = YES;
				IPHONEOS_DEPLOYMENT_TARGET = 12.2;
				MTL_ENABLE_DEBUG_INFO = INCLUDE_SOURCE;
				MTL_FAST_MATH = YES;
				ONLY_ACTIVE_ARCH = YES;
				SDKROOT = iphoneos;
				SWIFT_ACTIVE_COMPILATION_CONDITIONS = DEBUG;
				SWIFT_OPTIMIZATION_LEVEL = "-Onone";
			};
			name = Debug;
		};
		909387B0233A9FE100732E73 /* Release */ = {
			isa = XCBuildConfiguration;
			buildSettings = {
				ALWAYS_SEARCH_USER_PATHS = NO;
				CLANG_ANALYZER_NONNULL = YES;
				CLANG_ANALYZER_NUMBER_OBJECT_CONVERSION = YES_AGGRESSIVE;
				CLANG_CXX_LANGUAGE_STANDARD = "gnu++14";
				CLANG_CXX_LIBRARY = "libc++";
				CLANG_ENABLE_MODULES = YES;
				CLANG_ENABLE_OBJC_ARC = YES;
				CLANG_ENABLE_OBJC_WEAK = YES;
				CLANG_WARN_BLOCK_CAPTURE_AUTORELEASING = YES;
				CLANG_WARN_BOOL_CONVERSION = YES;
				CLANG_WARN_COMMA = YES;
				CLANG_WARN_CONSTANT_CONVERSION = YES;
				CLANG_WARN_DEPRECATED_OBJC_IMPLEMENTATIONS = YES;
				CLANG_WARN_DIRECT_OBJC_ISA_USAGE = YES_ERROR;
				CLANG_WARN_DOCUMENTATION_COMMENTS = YES;
				CLANG_WARN_EMPTY_BODY = YES;
				CLANG_WARN_ENUM_CONVERSION = YES;
				CLANG_WARN_INFINITE_RECURSION = YES;
				CLANG_WARN_INT_CONVERSION = YES;
				CLANG_WARN_NON_LITERAL_NULL_CONVERSION = YES;
				CLANG_WARN_OBJC_IMPLICIT_RETAIN_SELF = YES;
				CLANG_WARN_OBJC_LITERAL_CONVERSION = YES;
				CLANG_WARN_OBJC_ROOT_CLASS = YES_ERROR;
				CLANG_WARN_RANGE_LOOP_ANALYSIS = YES;
				CLANG_WARN_STRICT_PROTOTYPES = YES;
				CLANG_WARN_SUSPICIOUS_MOVE = YES;
				CLANG_WARN_UNGUARDED_AVAILABILITY = YES_AGGRESSIVE;
				CLANG_WARN_UNREACHABLE_CODE = YES;
				CLANG_WARN__DUPLICATE_METHOD_MATCH = YES;
				CODE_SIGN_IDENTITY = "iPhone Developer";
				COPY_PHASE_STRIP = NO;
				DEBUG_INFORMATION_FORMAT = "dwarf-with-dsym";
				ENABLE_NS_ASSERTIONS = NO;
				ENABLE_STRICT_OBJC_MSGSEND = YES;
				GCC_C_LANGUAGE_STANDARD = gnu11;
				GCC_NO_COMMON_BLOCKS = YES;
				GCC_WARN_64_TO_32_BIT_CONVERSION = YES;
				GCC_WARN_ABOUT_RETURN_TYPE = YES_ERROR;
				GCC_WARN_UNDECLARED_SELECTOR = YES;
				GCC_WARN_UNINITIALIZED_AUTOS = YES_AGGRESSIVE;
				GCC_WARN_UNUSED_FUNCTION = YES;
				GCC_WARN_UNUSED_VARIABLE = YES;
				IPHONEOS_DEPLOYMENT_TARGET = 12.2;
				MTL_ENABLE_DEBUG_INFO = NO;
				MTL_FAST_MATH = YES;
				SDKROOT = iphoneos;
				SWIFT_COMPILATION_MODE = wholemodule;
				SWIFT_OPTIMIZATION_LEVEL = "-O";
				VALIDATE_PRODUCT = YES;
			};
			name = Release;
		};
		909387B2233A9FE100732E73 /* Debug */ = {
			isa = XCBuildConfiguration;
			baseConfigurationReference = 38851CF966A48A4247FE4D1D /* Pods-Wall Of Fame.debug.xcconfig */;
			buildSettings = {
				ASSETCATALOG_COMPILER_APPICON_NAME = AppIcon;
				CODE_SIGN_STYLE = Automatic;
				DEVELOPMENT_TEAM = P5MGHMX58K;
				INFOPLIST_FILE = "Wall Of Fame/Info.plist";
				LD_RUNPATH_SEARCH_PATHS = (
					"$(inherited)",
					"@executable_path/Frameworks",
				);
				PRODUCT_BUNDLE_IDENTIFIER = "com.tarekabdallah.Wall-Of-Fame";
				PRODUCT_NAME = "$(TARGET_NAME)";
				SWIFT_VERSION = 5.0;
				TARGETED_DEVICE_FAMILY = "1,2";
			};
			name = Debug;
		};
		909387B3233A9FE100732E73 /* Release */ = {
			isa = XCBuildConfiguration;
			baseConfigurationReference = EDC487F5DEC7F8AF619DA640 /* Pods-Wall Of Fame.release.xcconfig */;
			buildSettings = {
				ASSETCATALOG_COMPILER_APPICON_NAME = AppIcon;
				CODE_SIGN_STYLE = Automatic;
				DEVELOPMENT_TEAM = P5MGHMX58K;
				INFOPLIST_FILE = "Wall Of Fame/Info.plist";
				LD_RUNPATH_SEARCH_PATHS = (
					"$(inherited)",
					"@executable_path/Frameworks",
				);
				PRODUCT_BUNDLE_IDENTIFIER = "com.tarekabdallah.Wall-Of-Fame";
				PRODUCT_NAME = "$(TARGET_NAME)";
				SWIFT_VERSION = 5.0;
				TARGETED_DEVICE_FAMILY = "1,2";
			};
			name = Release;
		};
		909387B5233A9FE100732E73 /* Debug */ = {
			isa = XCBuildConfiguration;
			baseConfigurationReference = 87C050D60F991297C6FF240A /* Pods-Wall Of FameTests.debug.xcconfig */;
			buildSettings = {
				ALWAYS_EMBED_SWIFT_STANDARD_LIBRARIES = YES;
				CODE_SIGN_STYLE = Automatic;
				DEVELOPMENT_TEAM = P5MGHMX58K;
				INFOPLIST_FILE = "Wall Of FameTests/Info.plist";
				LD_RUNPATH_SEARCH_PATHS = (
					"$(inherited)",
					"@executable_path/Frameworks",
					"@loader_path/Frameworks",
				);
				PRODUCT_BUNDLE_IDENTIFIER = "com.tarekabdallah.Wall-Of-FameTests";
				PRODUCT_NAME = "$(TARGET_NAME)";
				SWIFT_VERSION = 5.0;
				TARGETED_DEVICE_FAMILY = "1,2";
			};
			name = Debug;
		};
		909387B6233A9FE100732E73 /* Release */ = {
			isa = XCBuildConfiguration;
			baseConfigurationReference = 15FF6484F86997436ECFA8DE /* Pods-Wall Of FameTests.release.xcconfig */;
			buildSettings = {
				ALWAYS_EMBED_SWIFT_STANDARD_LIBRARIES = YES;
				CODE_SIGN_STYLE = Automatic;
				DEVELOPMENT_TEAM = P5MGHMX58K;
				INFOPLIST_FILE = "Wall Of FameTests/Info.plist";
				LD_RUNPATH_SEARCH_PATHS = (
					"$(inherited)",
					"@executable_path/Frameworks",
					"@loader_path/Frameworks",
				);
				PRODUCT_BUNDLE_IDENTIFIER = "com.tarekabdallah.Wall-Of-FameTests";
				PRODUCT_NAME = "$(TARGET_NAME)";
				SWIFT_VERSION = 5.0;
				TARGETED_DEVICE_FAMILY = "1,2";
			};
			name = Release;
		};
/* End XCBuildConfiguration section */

/* Begin XCConfigurationList section */
		90938784233A9FDF00732E73 /* Build configuration list for PBXProject "Wall Of Fame" */ = {
			isa = XCConfigurationList;
			buildConfigurations = (
				909387AF233A9FE100732E73 /* Debug */,
				909387B0233A9FE100732E73 /* Release */,
			);
			defaultConfigurationIsVisible = 0;
			defaultConfigurationName = Release;
		};
		909387B1233A9FE100732E73 /* Build configuration list for PBXNativeTarget "Wall Of Fame" */ = {
			isa = XCConfigurationList;
			buildConfigurations = (
				909387B2233A9FE100732E73 /* Debug */,
				909387B3233A9FE100732E73 /* Release */,
			);
			defaultConfigurationIsVisible = 0;
			defaultConfigurationName = Release;
		};
		909387B4233A9FE100732E73 /* Build configuration list for PBXNativeTarget "Wall Of FameTests" */ = {
			isa = XCConfigurationList;
			buildConfigurations = (
				909387B5233A9FE100732E73 /* Debug */,
				909387B6233A9FE100732E73 /* Release */,
			);
			defaultConfigurationIsVisible = 0;
			defaultConfigurationName = Release;
		};
/* End XCConfigurationList section */
	};
	rootObject = 90938781233A9FDF00732E73 /* Project object */;
}
